// !$*UTF8*$!
{
	archiveVersion = 1;
	classes = {
	};
	objectVersion = 46;
	objects = {

/* Begin PBXBuildFile section */
		B223440E1E5A8ACB00CF7F7D /* main.m in Sources */ = {isa = PBXBuildFile; fileRef = B223440D1E5A8ACB00CF7F7D /* main.m */; };
		B22344161E5A8AE800CF7F7D /* Sort.m in Sources */ = {isa = PBXBuildFile; fileRef = B22344151E5A8AE800CF7F7D /* Sort.m */; };
		B2F5F7C11E5D7A1C0005C4FA /* NSString+Password.m in Sources */ = {isa = PBXBuildFile; fileRef = B2F5F7C01E5D7A1C0005C4FA /* NSString+Password.m */; };
/* End PBXBuildFile section */

/* Begin PBXCopyFilesBuildPhase section */
		B22344081E5A8ACB00CF7F7D /* CopyFiles */ = {
			isa = PBXCopyFilesBuildPhase;
			buildActionMask = 2147483647;
			dstPath = /usr/share/man/man1/;
			dstSubfolderSpec = 0;
			files = (
			);
			runOnlyForDeploymentPostprocessing = 1;
		};
/* End PBXCopyFilesBuildPhase section */

/* Begin PBXFileReference section */
		B223440A1E5A8ACB00CF7F7D /* SortProject */ = {isa = PBXFileReference; explicitFileType = "compiled.mach-o.executable"; includeInIndex = 0; path = SortProject; sourceTree = BUILT_PRODUCTS_DIR; };
		B223440D1E5A8ACB00CF7F7D /* main.m */ = {isa = PBXFileReference; lastKnownFileType = sourcecode.c.objc; path = main.m; sourceTree = "<group>"; };
		B22344141E5A8AE800CF7F7D /* Sort.h */ = {isa = PBXFileReference; fileEncoding = 4; lastKnownFileType = sourcecode.c.h; path = Sort.h; sourceTree = "<group>"; };
		B22344151E5A8AE800CF7F7D /* Sort.m */ = {isa = PBXFileReference; fileEncoding = 4; lastKnownFileType = sourcecode.c.objc; path = Sort.m; sourceTree = "<group>"; };
		B2F5F7BF1E5D7A1C0005C4FA /* NSString+Password.h */ = {isa = PBXFileReference; fileEncoding = 4; lastKnownFileType = sourcecode.c.h; path = "NSString+Password.h"; sourceTree = "<group>"; };
		B2F5F7C01E5D7A1C0005C4FA /* NSString+Password.m */ = {isa = PBXFileReference; fileEncoding = 4; lastKnownFileType = sourcecode.c.objc; path = "NSString+Password.m"; sourceTree = "<group>"; };
/* End PBXFileReference section */

/* Begin PBXFrameworksBuildPhase section */
		B22344071E5A8ACB00CF7F7D /* Frameworks */ = {
			isa = PBXFrameworksBuildPhase;
			buildActionMask = 2147483647;
			files = (
			);
			runOnlyForDeploymentPostprocessing = 0;
		};
/* End PBXFrameworksBuildPhase section */

/* Begin PBXGroup section */
		B22344011E5A8ACB00CF7F7D = {
			isa = PBXGroup;
			children = (
				B223440C1E5A8ACB00CF7F7D /* SortProject */,
				B223440B1E5A8ACB00CF7F7D /* Products */,
			);
			sourceTree = "<group>";
		};
		B223440B1E5A8ACB00CF7F7D /* Products */ = {
			isa = PBXGroup;
			children = (
				B223440A1E5A8ACB00CF7F7D /* SortProject */,
			);
			name = Products;
			sourceTree = "<group>";
		};
		B223440C1E5A8ACB00CF7F7D /* SortProject */ = {
			isa = PBXGroup;
			children = (
				B223440D1E5A8ACB00CF7F7D /* main.m */,
				B2F5F7BF1E5D7A1C0005C4FA /* NSString+Password.h */,
				B2F5F7C01E5D7A1C0005C4FA /* NSString+Password.m */,
				B22344141E5A8AE800CF7F7D /* Sort.h */,
				B22344151E5A8AE800CF7F7D /* Sort.m */,
			);
			path = SortProject;
			sourceTree = "<group>";
		};
/* End PBXGroup section */

/* Begin PBXNativeTarget section */
		B22344091E5A8ACB00CF7F7D /* SortProject */ = {
			isa = PBXNativeTarget;
			buildConfigurationList = B22344111E5A8ACB00CF7F7D /* Build configuration list for PBXNativeTarget "SortProject" */;
			buildPhases = (
				B22344061E5A8ACB00CF7F7D /* Sources */,
				B22344071E5A8ACB00CF7F7D /* Frameworks */,
				B22344081E5A8ACB00CF7F7D /* CopyFiles */,
			);
			buildRules = (
			);
			dependencies = (
			);
			name = SortProject;
			productName = SortProject;
			productReference = B223440A1E5A8ACB00CF7F7D /* SortProject */;
			productType = "com.apple.product-type.tool";
		};
/* End PBXNativeTarget section */

/* Begin PBXProject section */
		B22344021E5A8ACB00CF7F7D /* Project object */ = {
			isa = PBXProject;
			attributes = {
				LastUpgradeCheck = 0820;
				ORGANIZATIONNAME = shianyunduan;
				TargetAttributes = {
					B22344091E5A8ACB00CF7F7D = {
						CreatedOnToolsVersion = 8.2.1;
						DevelopmentTeam = LRJBN79GXB;
						ProvisioningStyle = Automatic;
					};
				};
			};
			buildConfigurationList = B22344051E5A8ACB00CF7F7D /* Build configuration list for PBXProject "SortProject" */;
			compatibilityVersion = "Xcode 3.2";
			developmentRegion = English;
			hasScannedForEncodings = 0;
			knownRegions = (
				en,
			);
			mainGroup = B22344011E5A8ACB00CF7F7D;
			productRefGroup = B223440B1E5A8ACB00CF7F7D /* Products */;
			projectDirPath = "";
			projectRoot = "";
			targets = (
				B22344091E5A8ACB00CF7F7D /* SortProject */,
			);
		};
/* End PBXProject section */

/* Begin PBXSourcesBuildPhase section */
		B22344061E5A8ACB00CF7F7D /* Sources */ = {
			isa = PBXSourcesBuildPhase;
			buildActionMask = 2147483647;
			files = (
				B2F5F7C11E5D7A1C0005C4FA /* NSString+Password.m in Sources */,
				B223440E1E5A8ACB00CF7F7D /* main.m in Sources */,
				B22344161E5A8AE800CF7F7D /* Sort.m in Sources */,
			);
			runOnlyForDeploymentPostprocessing = 0;
		};
/* End PBXSourcesBuildPhase section */

/* Begin XCBuildConfiguration section */
		B223440F1E5A8ACB00CF7F7D /* Debug */ = {
			isa = XCBuildConfiguration;
			buildSettings = {
				ALWAYS_SEARCH_USER_PATHS = NO;
				CLANG_ANALYZER_NONNULL = YES;
				CLANG_CXX_LANGUAGE_STANDARD = "gnu++0x";
				CLANG_CXX_LIBRARY = "libc++";
				CLANG_ENABLE_MODULES = YES;
				CLANG_ENABLE_OBJC_ARC = YES;
				CLANG_WARN_BOOL_CONVERSION = YES;
				CLANG_WARN_CONSTANT_CONVERSION = YES;
				CLANG_WARN_DIRECT_OBJC_ISA_USAGE = YES_ERROR;
				CLANG_WARN_DOCUMENTATION_COMMENTS = YES;
				CLANG_WARN_EMPTY_BODY = YES;
				CLANG_WARN_ENUM_CONVERSION = YES;
				CLANG_WARN_INFINITE_RECURSION = YES;
				CLANG_WARN_INT_CONVERSION = YES;
				CLANG_WARN_OBJC_ROOT_CLASS = YES_ERROR;
				CLANG_WARN_SUSPICIOUS_MOVE = YES;
				CLANG_WARN_UNREACHABLE_CODE = YES;
				CLANG_WARN__DUPLICATE_METHOD_MATCH = YES;
				CODE_SIGN_IDENTITY = "-";
				COPY_PHASE_STRIP = NO;
				DEBUG_INFORMATION_FORMAT = dwarf;
				ENABLE_STRICT_OBJC_MSGSEND = YES;
				ENABLE_TESTABILITY = YES;
				GCC_C_LANGUAGE_STANDARD = gnu99;
				GCC_DYNAMIC_NO_PIC = NO;
				GCC_NO_COMMON_BLOCKS = YES;
				GCC_OPTIMIZATION_LEVEL = 0;
				GCC_PREPROCESSOR_DEFINITIONS = (
					"DEBUG=1",
					"$(inherited)",
				);
				GCC_WARN_64_TO_32_BIT_CONVERSION = YES;
				GCC_WARN_ABOUT_RETURN_TYPE = YES_ERROR;
				GCC_WARN_UNDECLARED_SELECTOR = YES;
				GCC_WARN_UNINITIALIZED_AUTOS = YES_AGGRESSIVE;
				GCC_WARN_UNUSED_FUNCTION = YES;
				GCC_WARN_UNUSED_VARIABLE = YES;
				MACOSX_DEPLOYMENT_TARGET = 10.12;
				MTL_ENABLE_DEBUG_INFO = YES;
				ONLY_ACTIVE_ARCH = YES;
				SDKROOT = macosx;
			};
			name = Debug;
		};
		B22344101E5A8ACB00CF7F7D /* Release */ = {
			isa = XCBuildConfiguration;
			buildSettings = {
				ALWAYS_SEARCH_USER_PATHS = NO;
				CLANG_ANALYZER_NONNULL = YES;
				CLANG_CXX_LANGUAGE_STANDARD = "gnu++0x";
				CLANG_CXX_LIBRARY = "libc++";
				CLANG_ENABLE_MODULES = YES;
				CLANG_ENABLE_OBJC_ARC = YES;
				CLANG_WARN_BOOL_CONVERSION = YES;
				CLANG_WARN_CONSTANT_CONVERSION = YES;
				CLANG_WARN_DIRECT_OBJC_ISA_USAGE = YES_ERROR;
				CLANG_WARN_DOCUMENTATION_COMMENTS = YES;
				CLANG_WARN_EMPTY_BODY = YES;
				CLANG_WARN_ENUM_CONVERSION = YES;
				CLANG_WARN_INFINITE_RECURSION = YES;
				CLANG_WARN_INT_CONVERSION = YES;
				CLANG_WARN_OBJC_ROOT_CLASS = YES_ERROR;
				CLANG_WARN_SUSPICIOUS_MOVE = YES;
				CLANG_WARN_UNREACHABLE_CODE = YES;
				CLANG_WARN__DUPLICATE_METHOD_MATCH = YES;
				CODE_SIGN_IDENTITY = "-";
				COPY_PHASE_STRIP = NO;
				DEBUG_INFORMATION_FORMAT = "dwarf-with-dsym";
				ENABLE_NS_ASSERTIONS = NO;
				ENABLE_STRICT_OBJC_MSGSEND = YES;
				GCC_C_LANGUAGE_STANDARD = gnu99;
				GCC_NO_COMMON_BLOCKS = YES;
				GCC_WARN_64_TO_32_BIT_CONVERSION = YES;
				GCC_WARN_ABOUT_RETURN_TYPE = YES_ERROR;
				GCC_WARN_UNDECLARED_SELECTOR = YES;
				GCC_WARN_UNINITIALIZED_AUTOS = YES_AGGRESSIVE;
				GCC_WARN_UNUSED_FUNCTION = YES;
				GCC_WARN_UNUSED_VARIABLE = YES;
				MACOSX_DEPLOYMENT_TARGET = 10.12;
				MTL_ENABLE_DEBUG_INFO = NO;
				SDKROOT = macosx;
			};
			name = Release;
		};
		B22344121E5A8ACB00CF7F7D /* Debug */ = {
			isa = XCBuildConfiguration;
			buildSettings = {
				DEVELOPMENT_TEAM = LRJBN79GXB;
				PRODUCT_NAME = "$(TARGET_NAME)";
			};
			name = Debug;
		};
		B22344131E5A8ACB00CF7F7D /* Release */ = {
			isa = XCBuildConfiguration;
			buildSettings = {
				DEVELOPMENT_TEAM = LRJBN79GXB;
				PRODUCT_NAME = "$(TARGET_NAME)";
			};
			name = Release;
		};
/* End XCBuildConfiguration section */

/* Begin XCConfigurationList section */
		B22344051E5A8ACB00CF7F7D /* Build configuration list for PBXProject "SortProject" */ = {
			isa = XCConfigurationList;
			buildConfigurations = (
				B223440F1E5A8ACB00CF7F7D /* Debug */,
				B22344101E5A8ACB00CF7F7D /* Release */,
			);
			defaultConfigurationIsVisible = 0;
			defaultConfigurationName = Release;
		};
		B22344111E5A8ACB00CF7F7D /* Build configuration list for PBXNativeTarget "SortProject" */ = {
			isa = XCConfigurationList;
			buildConfigurations = (
				B22344121E5A8ACB00CF7F7D /* Debug */,
				B22344131E5A8ACB00CF7F7D /* Release */,
			);
			defaultConfigurationIsVisible = 0;
			defaultConfigurationName = Release;
		};
/* End XCConfigurationList section */
	};
	rootObject = B22344021E5A8ACB00CF7F7D /* Project object */;
}
